{
  "name": "yyzdband",
  "version": "1.0.0",
  "lockfileVersion": 1,
  "requires": true,
  "dependencies": {
    "@dcloudio/uni-ui": {
      "version": "1.1.8",
      "resolved": "http://r.cnpmjs.org/@dcloudio/uni-ui/download/@dcloudio/uni-ui-1.1.8.tgz",
      "integrity": "sha1-ZtES2MkQSDXmNfKTqC12Cqyycz0="
    },
    "bankcardinfo": {
      "version": "2.0.5",
      "resolved": "https://registry.npmjs.org/bankcardinfo/-/bankcardinfo-2.0.5.tgz",
      "integrity": "sha512-crh72VAWjv1+khePn0fyP9IxBipWjJFX3RtDjsahKOJnkOUyMTUQAT4TzuXdjoampu9ZHLdqTU8DMH/+ry503Q==",
      "requires": {
        "bluebird": "^3.4.1"
      }
    },
    "bluebird": {
      "version": "3.7.2",
      "resolved": "https://registry.npmjs.org/bluebird/-/bluebird-3.7.2.tgz",
      "integrity": "sha512-XpNj6GDQzdfW+r2Wnn7xiSAd7TM3jzkxGXBGTtWKuSXv1xUV+azxAm8jdWZN06QTQk+2N2XB9jRDkvbmQmcRtg=="
    },
    "browserslist": {
      "version": "4.14.7",
      "resolved": "https://registry.npmjs.org/browserslist/-/browserslist-4.14.7.tgz",
      "integrity": "sha512-BSVRLCeG3Xt/j/1cCGj1019Wbty0H+Yvu2AOuZSuoaUWn3RatbL33Cxk+Q4jRMRAbOm0p7SLravLjpnT6s0vzQ==",
      "requires": {
        "caniuse-lite": "^1.0.30001157",
        "colorette": "^1.2.1",
        "electron-to-chromium": "^1.3.591",
        "escalade": "^3.1.1",
        "node-releases": "^1.1.66"
      }
    },
    "caniuse-lite": {
      "version": "1.0.30001158",
      "resolved": "https://registry.npmjs.org/caniuse-lite/-/caniuse-lite-1.0.30001158.tgz",
      "integrity": "sha512-s5loVYY+yKpuVA3HyW8BarzrtJvwHReuzugQXlv1iR3LKSReoFXRm86mT6hT7PEF5RxW+XQZg+6nYjlywYzQ+g=="
    },
    "clipboard": {
      "version": "2.0.4",
      "resolved": "http://r.cnpmjs.org/clipboard/download/clipboard-2.0.4.tgz",
      "integrity": "sha1-g22v1mzw/qXXHOXVsL9ulYAJES0=",
      "requires": {
        "good-listener": "^1.2.2",
        "select": "^1.1.2",
        "tiny-emitter": "^2.0.0"
      }
    },
    "colorette": {
      "version": "1.2.1",
      "resolved": "https://registry.npmjs.org/colorette/-/colorette-1.2.1.tgz",
      "integrity": "sha512-puCDz0CzydiSYOrnXpz/PKd69zRrribezjtE9yd4zvytoRc8+RY/KJPvtPFKZS3E3wP6neGyMe0vOTlHO5L3Pw=="
    },
    "delegate": {
      "version": "3.2.0",
      "resolved": "http://r.cnpmjs.org/delegate/download/delegate-3.2.0.tgz",
      "integrity": "sha1-tmtxwxWFIuirV0T3INjKDCr1kWY="
    },
    "domelementtype": {
      "version": "1.3.1",
      "resolved": "http://r.cnpmjs.org/domelementtype/download/domelementtype-1.3.1.tgz",
      "integrity": "sha1-0EjESzew0Qp/Kj1f7j9DM9eQSB8="
    },
    "domhandler": {
      "version": "2.4.2",
      "resolved": "http://r.cnpmjs.org/domhandler/download/domhandler-2.4.2.tgz",
      "integrity": "sha1-iAUJfpM9ZehVRvcm1g9euItE+AM=",
      "requires": {
        "domelementtype": "1"
      }
    },
    "electron-to-chromium": {
      "version": "1.3.596",
      "resolved": "https://registry.npmjs.org/electron-to-chromium/-/electron-to-chromium-1.3.596.tgz",
      "integrity": "sha512-nLO2Wd2yU42eSoNJVQKNf89CcEGqeFZd++QsnN2XIgje1s/19AgctfjLIbPORlvcCO8sYjLwX4iUgDdusOY8Sg=="
    },
    "entities": {
      "version": "1.1.2",
      "resolved": "http://r.cnpmjs.org/entities/download/entities-1.1.2.tgz",
      "integrity": "sha1-vfpzUplmTfr9NFKe1PhSKidf6lY="
    },
    "escalade": {
      "version": "3.1.1",
      "resolved": "https://registry.npmjs.org/escalade/-/escalade-3.1.1.tgz",
      "integrity": "sha512-k0er2gUkLf8O0zKJiAhmkTnJlTvINGv7ygDNPbeIsX/TJjGJZHuh9B2UxbsaEkmlEo9MfhrSzmhIlhRlI2GXnw=="
    },
    "events": {
      "version": "3.1.0",
      "resolved": "http://r.cnpmjs.org/events/download/events-3.1.0.tgz",
      "integrity": "sha1-hCea8bNMt1qoi/X/KR9tC9mzGlk="
    },
    "good-listener": {
      "version": "1.2.2",
      "resolved": "http://r.cnpmjs.org/good-listener/download/good-listener-1.2.2.tgz",
      "integrity": "sha1-1TswzfkxPf+33JoNR3CWqm0UXFA=",
      "requires": {
        "delegate": "^3.1.2"
      }
    },
    "jweixin-module": {
      "version": "1.6.0",
      "resolved": "http://r.cnpmjs.org/jweixin-module/download/jweixin-module-1.6.0.tgz",
      "integrity": "sha1-Sn6mFAg+PJw/SeL9wruILPpY380="
    },
    "mini-html-parser2": {
      "version": "0.1.4",
      "resolved": "http://r.cnpmjs.org/mini-html-parser2/download/mini-html-parser2-0.1.4.tgz",
      "integrity": "sha1-/pcr12yTI3oUqUQFc/val/2MDmE=",
      "requires": {
        "domhandler": "^2.4.2",
        "entities": "^1.1.1",
        "events": "^3.0.0"
      }
    },
    "node-releases": {
      "version": "1.1.66",
      "resolved": "https://registry.npmjs.org/node-releases/-/node-releases-1.1.66.tgz",
      "integrity": "sha512-JHEQ1iWPGK+38VLB2H9ef2otU4l8s3yAMt9Xf934r6+ojCYDMHPMqvCc9TnzfeFSP1QEOeU6YZEd3+De0LTCgg=="
    },
    "qs": {
      "version": "6.9.7",
      "resolved": "https://registry.npmjs.org/qs/-/qs-6.9.7.tgz",
      "integrity": "sha512-IhMFgUmuNpyRfxA90umL7ByLlgRXu6tIfKPpF5TmcfRLlLCckfP/g3IQmju6jjpu+Hh8rA+2p6A27ZSPOOHdKw=="
    },
    "select": {
      "version": "1.1.2",
      "resolved": "http://r.cnpmjs.org/select/download/select-1.1.2.tgz",
      "integrity": "sha1-DnNQrN7ICxEIUoeG7B1EGNEbOW0="
    },
    "tiny-emitter": {
      "version": "2.1.0",
      "resolved": "http://r.cnpmjs.org/tiny-emitter/download/tiny-emitter-2.1.0.tgz",
      "integrity": "sha1-HRpW7fxRxD6GPLtTgqcjMONVVCM="
    },
    "tki-qrcode": {
      "version": "0.1.6",
      "resolved": "http://r.cnpmjs.org/tki-qrcode/download/tki-qrcode-0.1.6.tgz",
      "integrity": "sha1-cTc9nEs/iUT6pU0+6Ziroz2X3n8="
    },
    "vue": {
      "version": "2.0.0",
      "resolved": "https://registry.npm.taobao.org/vue/download/vue-2.0.0.tgz?cache=0&sync_timestamp=1595984005097&other_urls=https%3A%2F%2Fregistry.npm.taobao.org%2Fvue%2Fdownload%2Fvue-2.0.0.tgz",
      "integrity": "sha1-JxdVYZVlCEWgFB2BF7qAJMztsro="
    },
    "vue-clipboard2": {
      "version": "0.3.1",
      "resolved": "http://r.cnpmjs.org/vue-clipboard2/download/vue-clipboard2-0.3.1.tgz",
      "integrity": "sha1-blUft704SImyiw2jsSKJ7WvKSJQ=",
      "requires": {
        "clipboard": "^2.0.0"
      }
    },
    "vue-i18n": {
      "version": "8.18.2",
      "resolved": "https://registry.npm.taobao.org/vue-i18n/download/vue-i18n-8.18.2.tgz",
      "integrity": "sha1-zXwS8uF45vqiOw48/S97rJMF+Pw="
    },
    "vuex": {
      "version": "3.5.1",
      "resolved": "https://registry.npm.taobao.org/vuex/download/vuex-3.5.1.tgz?cache=0&sync_timestamp=1593445037188&other_urls=https%3A%2F%2Fregistry.npm.taobao.org%2Fvuex%2Fdownload%2Fvuex-3.5.1.tgz",
      "integrity": "sha1-8bjc6mSbwlJUz09DWAgdv12hiz0="
    }
  }
}
